
Microsoft Visual Studio Solution File, Format Version 12.00
# Visual Studio Version 16
VisualStudioVersion = 16.0.31019.35
MinimumVisualStudioVersion = 10.0.40219.1
Project("{FAE04EC0-301F-11D3-BF4B-00C04F79EFBC}") = "AdivinharNumeroRandom", "AdivinharNumeroRandom\AdivinharNumeroRandom.csproj", "{1992009E-C32E-43A2-B56F-E764C16D05DD}"
EndProject
Global
	GlobalSection(SolutionConfigurationPlatforms) = preSolution
		Debug|Any CPU = Debug|Any CPU
		Release|Any CPU = Release|Any CPU
	EndGlobalSection
	GlobalSection(ProjectConfigurationPlatforms) = postSolution
		{1992009E-C32E-43A2-B56F-E764C16D05DD}.Debug|Any CPU.ActiveCfg = Debug|Any CPU
		{1992009E-C32E-43A2-B56F-E764C16D05DD}.Debug|Any CPU.Build.0 = Debug|Any CPU
		{1992009E-C32E-43A2-B56F-E764C16D05DD}.Release|Any CPU.ActiveCfg = Release|Any CPU
		{1992009E-C32E-43A2-B56F-E764C16D05DD}.Release|Any CPU.Build.0 = Release|Any CPU
	EndGlobalSection
	GlobalSection(SolutionProperties) = preSolution
		HideSolutionNode = FALSE
	EndGlobalSection
	GlobalSection(ExtensibilityGlobals) = postSolution
		SolutionGuid = {1DA42017-5F1D-4A6A-BCC0-1F110DA2849A}
	EndGlobalSection
EndGlobal
